Microsoft Visual Studio Solution File, Format Version 12.00
# Visual Studio Version 17
VisualStudioVersion = 17.5.2.0
MinimumVisualStudioVersion = 10.0.40219.1
Project("{FAE04EC0-301F-11D3-BF4B-00C04F79EFBC}") = "PingViewerApp", "App\\PingViewerApp.csproj", "{8318F8CD-3D14-09BB-6D63-B68E19F45962}"
EndProject
Global
	GlobalSection(SolutionConfigurationPlatforms) = preSolution
		Debug|Any CPU = Debug|Any CPU
		Release|Any CPU = Release|Any CPU
	EndGlobalSection
	GlobalSection(ProjectConfigurationPlatforms) = postSolution
		{8318F8CD-3D14-09BB-6D63-B68E19F45962}.Debug|Any CPU.ActiveCfg = Debug|Any CPU
		{8318F8CD-3D14-09BB-6D63-B68E19F45962}.Debug|Any CPU.Build.0 = Debug|Any CPU
		{8318F8CD-3D14-09BB-6D63-B68E19F45962}.Release|Any CPU.ActiveCfg = Release|Any CPU
		{8318F8CD-3D14-09BB-6D63-B68E19F45962}.Release|Any CPU.Build.0 = Release|Any CPU
	EndGlobalSection
	GlobalSection(SolutionProperties) = preSolution
		HideSolutionNode = FALSE
	EndGlobalSection
	GlobalSection(ExtensibilityGlobals) = postSolution
		SolutionGuid = {AC8875AD-F1B5-4213-AAF8-CD6CBBCD4EF0}
	EndGlobalSection
EndGlobal
